// !$*UTF8*$!
{
	archiveVersion = 1;
	classes = {
	};
	objectVersion = 46;
	objects = {

/* Begin PBXBuildFile section */
		87965F851509926A00CBC9A5 /* UIKit.framework in Frameworks */ = {isa = PBXBuildFile; fileRef = 87965F841509926A00CBC9A5 /* UIKit.framework */; };
		87965F871509926A00CBC9A5 /* Foundation.framework in Frameworks */ = {isa = PBXBuildFile; fileRef = 87965F861509926A00CBC9A5 /* Foundation.framework */; };
		87965F891509926A00CBC9A5 /* CoreGraphics.framework in Frameworks */ = {isa = PBXBuildFile; fileRef = 87965F881509926A00CBC9A5 /* CoreGraphics.framework */; };
		87965F8F1509926A00CBC9A5 /* InfoPlist.strings in Resources */ = {isa = PBXBuildFile; fileRef = 87965F8D1509926A00CBC9A5 /* InfoPlist.strings */; };
		87965F911509926A00CBC9A5 /* main.m in Sources */ = {isa = PBXBuildFile; fileRef = 87965F901509926A00CBC9A5 /* main.m */; };
		87965F951509926A00CBC9A5 /* AppDelegate.m in Sources */ = {isa = PBXBuildFile; fileRef = 87965F941509926A00CBC9A5 /* AppDelegate.m */; };
		87965F9B1509926A00CBC9A5 /* ViewController.m in Sources */ = {isa = PBXBuildFile; fileRef = 87965F9A1509926A00CBC9A5 /* ViewController.m */; };
		87965FB11509936C00CBC9A5 /* DetailViewController.m in Sources */ = {isa = PBXBuildFile; fileRef = 87965FA61509936C00CBC9A5 /* DetailViewController.m */; };
		87965FB21509936C00CBC9A5 /* EdgeLine.png in Resources */ = {isa = PBXBuildFile; fileRef = 87965FA71509936C00CBC9A5 /* EdgeLine.png */; };
		87965FB41509936C00CBC9A5 /* MasterViewController.m in Sources */ = {isa = PBXBuildFile; fileRef = 87965FAA1509936C00CBC9A5 /* MasterViewController.m */; };
		87965FB51509936C00CBC9A5 /* RoundEdgeLower.png in Resources */ = {isa = PBXBuildFile; fileRef = 87965FAB1509936C00CBC9A5 /* RoundEdgeLower.png */; };
		87965FB61509936C00CBC9A5 /* RoundEdgeLower@2x.png in Resources */ = {isa = PBXBuildFile; fileRef = 87965FAC1509936C00CBC9A5 /* RoundEdgeLower@2x.png */; };
		87965FB71509936C00CBC9A5 /* RoundEdgeUpper.png in Resources */ = {isa = PBXBuildFile; fileRef = 87965FAD1509936C00CBC9A5 /* RoundEdgeUpper.png */; };
		87965FB81509936C00CBC9A5 /* RoundEdgeUpper@2x.png in Resources */ = {isa = PBXBuildFile; fileRef = 87965FAE1509936C00CBC9A5 /* RoundEdgeUpper@2x.png */; };
		87965FB91509936C00CBC9A5 /* TowPaneViewController-Info.plist in Resources */ = {isa = PBXBuildFile; fileRef = 87965FAF1509936C00CBC9A5 /* TowPaneViewController-Info.plist */; };
		87965FBA1509937500CBC9A5 /* MainStoryboard.storyboard in Resources */ = {isa = PBXBuildFile; fileRef = 87965FBC1509937500CBC9A5 /* MainStoryboard.storyboard */; };
/* End PBXBuildFile section */

/* Begin PBXFileReference section */
		87965F801509926900CBC9A5 /* TwoPaneViewController.app */ = {isa = PBXFileReference; explicitFileType = wrapper.application; includeInIndex = 0; path = TwoPaneViewController.app; sourceTree = BUILT_PRODUCTS_DIR; };
		87965F841509926A00CBC9A5 /* UIKit.framework */ = {isa = PBXFileReference; lastKnownFileType = wrapper.framework; name = UIKit.framework; path = System/Library/Frameworks/UIKit.framework; sourceTree = SDKROOT; };
		87965F861509926A00CBC9A5 /* Foundation.framework */ = {isa = PBXFileReference; lastKnownFileType = wrapper.framework; name = Foundation.framework; path = System/Library/Frameworks/Foundation.framework; sourceTree = SDKROOT; };
		87965F881509926A00CBC9A5 /* CoreGraphics.framework */ = {isa = PBXFileReference; lastKnownFileType = wrapper.framework; name = CoreGraphics.framework; path = System/Library/Frameworks/CoreGraphics.framework; sourceTree = SDKROOT; };
		87965F8C1509926A00CBC9A5 /* TwoPaneViewController-Info.plist */ = {isa = PBXFileReference; lastKnownFileType = text.plist.xml; path = "TwoPaneViewController-Info.plist"; sourceTree = "<group>"; };
		87965F8E1509926A00CBC9A5 /* en */ = {isa = PBXFileReference; lastKnownFileType = text.plist.strings; name = en; path = en.lproj/InfoPlist.strings; sourceTree = "<group>"; };
		87965F901509926A00CBC9A5 /* main.m */ = {isa = PBXFileReference; lastKnownFileType = sourcecode.c.objc; path = main.m; sourceTree = "<group>"; };
		87965F921509926A00CBC9A5 /* TwoPaneViewController-Prefix.pch */ = {isa = PBXFileReference; lastKnownFileType = sourcecode.c.h; path = "TwoPaneViewController-Prefix.pch"; sourceTree = "<group>"; };
		87965F931509926A00CBC9A5 /* AppDelegate.h */ = {isa = PBXFileReference; lastKnownFileType = sourcecode.c.h; path = AppDelegate.h; sourceTree = "<group>"; };
		87965F941509926A00CBC9A5 /* AppDelegate.m */ = {isa = PBXFileReference; lastKnownFileType = sourcecode.c.objc; path = AppDelegate.m; sourceTree = "<group>"; };
		87965F991509926A00CBC9A5 /* ViewController.h */ = {isa = PBXFileReference; lastKnownFileType = sourcecode.c.h; path = ViewController.h; sourceTree = "<group>"; };
		87965F9A1509926A00CBC9A5 /* ViewController.m */ = {isa = PBXFileReference; lastKnownFileType = sourcecode.c.objc; path = ViewController.m; sourceTree = "<group>"; };
		87965FA51509936C00CBC9A5 /* DetailViewController.h */ = {isa = PBXFileReference; fileEncoding = 4; lastKnownFileType = sourcecode.c.h; path = DetailViewController.h; sourceTree = "<group>"; };
		87965FA61509936C00CBC9A5 /* DetailViewController.m */ = {isa = PBXFileReference; fileEncoding = 4; lastKnownFileType = sourcecode.c.objc; path = DetailViewController.m; sourceTree = "<group>"; };
		87965FA71509936C00CBC9A5 /* EdgeLine.png */ = {isa = PBXFileReference; lastKnownFileType = image.png; path = EdgeLine.png; sourceTree = "<group>"; };
		87965FA91509936C00CBC9A5 /* MasterViewController.h */ = {isa = PBXFileReference; fileEncoding = 4; lastKnownFileType = sourcecode.c.h; path = MasterViewController.h; sourceTree = "<group>"; };
		87965FAA1509936C00CBC9A5 /* MasterViewController.m */ = {isa = PBXFileReference; fileEncoding = 4; lastKnownFileType = sourcecode.c.objc; path = MasterViewController.m; sourceTree = "<group>"; };
		87965FAB1509936C00CBC9A5 /* RoundEdgeLower.png */ = {isa = PBXFileReference; lastKnownFileType = image.png; path = RoundEdgeLower.png; sourceTree = "<group>"; };
		87965FAC1509936C00CBC9A5 /* RoundEdgeLower@2x.png */ = {isa = PBXFileReference; lastKnownFileType = image.png; path = "RoundEdgeLower@2x.png"; sourceTree = "<group>"; };
		87965FAD1509936C00CBC9A5 /* RoundEdgeUpper.png */ = {isa = PBXFileReference; lastKnownFileType = image.png; path = RoundEdgeUpper.png; sourceTree = "<group>"; };
		87965FAE1509936C00CBC9A5 /* RoundEdgeUpper@2x.png */ = {isa = PBXFileReference; lastKnownFileType = image.png; path = "RoundEdgeUpper@2x.png"; sourceTree = "<group>"; };
		87965FAF1509936C00CBC9A5 /* TowPaneViewController-Info.plist */ = {isa = PBXFileReference; fileEncoding = 4; lastKnownFileType = text.plist.xml; path = "TowPaneViewController-Info.plist"; sourceTree = "<group>"; };
		87965FB01509936C00CBC9A5 /* TowPaneViewController-Prefix.pch */ = {isa = PBXFileReference; fileEncoding = 4; lastKnownFileType = sourcecode.c.h; path = "TowPaneViewController-Prefix.pch"; sourceTree = "<group>"; };
		87965FBB1509937500CBC9A5 /* en */ = {isa = PBXFileReference; lastKnownFileType = file.storyboard; name = en; path = en.lproj/MainStoryboard.storyboard; sourceTree = "<group>"; };
/* End PBXFileReference section */

/* Begin PBXFrameworksBuildPhase section */
		87965F7D1509926900CBC9A5 /* Frameworks */ = {
			isa = PBXFrameworksBuildPhase;
			buildActionMask = 2147483647;
			files = (
				87965F851509926A00CBC9A5 /* UIKit.framework in Frameworks */,
				87965F871509926A00CBC9A5 /* Foundation.framework in Frameworks */,
				87965F891509926A00CBC9A5 /* CoreGraphics.framework in Frameworks */,
			);
			runOnlyForDeploymentPostprocessing = 0;
		};
/* End PBXFrameworksBuildPhase section */

/* Begin PBXGroup section */
		87965F751509926900CBC9A5 = {
			isa = PBXGroup;
			children = (
				87965F8A1509926A00CBC9A5 /* TwoPaneViewController */,
				87965F831509926900CBC9A5 /* Frameworks */,
				87965F811509926900CBC9A5 /* Products */,
			);
			sourceTree = "<group>";
		};
		87965F811509926900CBC9A5 /* Products */ = {
			isa = PBXGroup;
			children = (
				87965F801509926900CBC9A5 /* TwoPaneViewController.app */,
			);
			name = Products;
			sourceTree = "<group>";
		};
		87965F831509926900CBC9A5 /* Frameworks */ = {
			isa = PBXGroup;
			children = (
				87965F841509926A00CBC9A5 /* UIKit.framework */,
				87965F861509926A00CBC9A5 /* Foundation.framework */,
				87965F881509926A00CBC9A5 /* CoreGraphics.framework */,
			);
			name = Frameworks;
			sourceTree = "<group>";
		};
		87965F8A1509926A00CBC9A5 /* TwoPaneViewController */ = {
			isa = PBXGroup;
			children = (
				87965FA51509936C00CBC9A5 /* DetailViewController.h */,
				87965FA61509936C00CBC9A5 /* DetailViewController.m */,
				87965FA71509936C00CBC9A5 /* EdgeLine.png */,
				87965FBC1509937500CBC9A5 /* MainStoryboard.storyboard */,
				87965FA91509936C00CBC9A5 /* MasterViewController.h */,
				87965FAA1509936C00CBC9A5 /* MasterViewController.m */,
				87965FAB1509936C00CBC9A5 /* RoundEdgeLower.png */,
				87965FAC1509936C00CBC9A5 /* RoundEdgeLower@2x.png */,
				87965FAD1509936C00CBC9A5 /* RoundEdgeUpper.png */,
				87965FAE1509936C00CBC9A5 /* RoundEdgeUpper@2x.png */,
				87965FAF1509936C00CBC9A5 /* TowPaneViewController-Info.plist */,
				87965FB01509936C00CBC9A5 /* TowPaneViewController-Prefix.pch */,
				87965F931509926A00CBC9A5 /* AppDelegate.h */,
				87965F941509926A00CBC9A5 /* AppDelegate.m */,
				87965F991509926A00CBC9A5 /* ViewController.h */,
				87965F9A1509926A00CBC9A5 /* ViewController.m */,
				87965F8B1509926A00CBC9A5 /* Supporting Files */,
			);
			path = TwoPaneViewController;
			sourceTree = "<group>";
		};
		87965F8B1509926A00CBC9A5 /* Supporting Files */ = {
			isa = PBXGroup;
			children = (
				87965F8C1509926A00CBC9A5 /* TwoPaneViewController-Info.plist */,
				87965F8D1509926A00CBC9A5 /* InfoPlist.strings */,
				87965F901509926A00CBC9A5 /* main.m */,
				87965F921509926A00CBC9A5 /* TwoPaneViewController-Prefix.pch */,
			);
			name = "Supporting Files";
			sourceTree = "<group>";
		};
/* End PBXGroup section */

/* Begin PBXNativeTarget section */
		87965F7F1509926900CBC9A5 /* TwoPaneViewController */ = {
			isa = PBXNativeTarget;
			buildConfigurationList = 87965F9E1509926A00CBC9A5 /* Build configuration list for PBXNativeTarget "TwoPaneViewController" */;
			buildPhases = (
				87965F7C1509926900CBC9A5 /* Sources */,
				87965F7D1509926900CBC9A5 /* Frameworks */,
				87965F7E1509926900CBC9A5 /* Resources */,
			);
			buildRules = (
			);
			dependencies = (
			);
			name = TwoPaneViewController;
			productName = TwoPaneViewController;
			productReference = 87965F801509926900CBC9A5 /* TwoPaneViewController.app */;
			productType = "com.apple.product-type.application";
		};
/* End PBXNativeTarget section */

/* Begin PBXProject section */
		87965F771509926900CBC9A5 /* Project object */ = {
			isa = PBXProject;
			attributes = {
				LastUpgradeCheck = 0420;
				ORGANIZATIONNAME = "いります電算企画";
			};
			buildConfigurationList = 87965F7A1509926900CBC9A5 /* Build configuration list for PBXProject "TwoPaneViewController" */;
			compatibilityVersion = "Xcode 3.2";
			developmentRegion = English;
			hasScannedForEncodings = 0;
			knownRegions = (
				en,
			);
			mainGroup = 87965F751509926900CBC9A5;
			productRefGroup = 87965F811509926900CBC9A5 /* Products */;
			projectDirPath = "";
			projectRoot = "";
			targets = (
				87965F7F1509926900CBC9A5 /* TwoPaneViewController */,
			);
		};
/* End PBXProject section */

/* Begin PBXResourcesBuildPhase section */
		87965F7E1509926900CBC9A5 /* Resources */ = {
			isa = PBXResourcesBuildPhase;
			buildActionMask = 2147483647;
			files = (
				87965F8F1509926A00CBC9A5 /* InfoPlist.strings in Resources */,
				87965FB21509936C00CBC9A5 /* EdgeLine.png in Resources */,
				87965FBA1509937500CBC9A5 /* MainStoryboard.storyboard in Resources */,
				87965FB51509936C00CBC9A5 /* RoundEdgeLower.png in Resources */,
				87965FB61509936C00CBC9A5 /* RoundEdgeLower@2x.png in Resources */,
				87965FB71509936C00CBC9A5 /* RoundEdgeUpper.png in Resources */,
				87965FB81509936C00CBC9A5 /* RoundEdgeUpper@2x.png in Resources */,
				87965FB91509936C00CBC9A5 /* TowPaneViewController-Info.plist in Resources */,
			);
			runOnlyForDeploymentPostprocessing = 0;
		};
/* End PBXResourcesBuildPhase section */

/* Begin PBXSourcesBuildPhase section */
		87965F7C1509926900CBC9A5 /* Sources */ = {
			isa = PBXSourcesBuildPhase;
			buildActionMask = 2147483647;
			files = (
				87965F911509926A00CBC9A5 /* main.m in Sources */,
				87965F951509926A00CBC9A5 /* AppDelegate.m in Sources */,
				87965F9B1509926A00CBC9A5 /* ViewController.m in Sources */,
				87965FB11509936C00CBC9A5 /* DetailViewController.m in Sources */,
				87965FB41509936C00CBC9A5 /* MasterViewController.m in Sources */,
			);
			runOnlyForDeploymentPostprocessing = 0;
		};
/* End PBXSourcesBuildPhase section */

/* Begin PBXVariantGroup section */
		87965F8D1509926A00CBC9A5 /* InfoPlist.strings */ = {
			isa = PBXVariantGroup;
			children = (
				87965F8E1509926A00CBC9A5 /* en */,
			);
			name = InfoPlist.strings;
			sourceTree = "<group>";
		};
		87965FBC1509937500CBC9A5 /* MainStoryboard.storyboard */ = {
			isa = PBXVariantGroup;
			children = (
				87965FBB1509937500CBC9A5 /* en */,
			);
			name = MainStoryboard.storyboard;
			sourceTree = "<group>";
		};
/* End PBXVariantGroup section */

/* Begin XCBuildConfiguration section */
		87965F9C1509926A00CBC9A5 /* Debug */ = {
			isa = XCBuildConfiguration;
			buildSettings = {
				ALWAYS_SEARCH_USER_PATHS = NO;
				ARCHS = "$(ARCHS_STANDARD_32_BIT)";
				CLANG_ENABLE_OBJC_ARC = YES;
				"CODE_SIGN_IDENTITY[sdk=iphoneos*]" = "iPhone Developer";
				COPY_PHASE_STRIP = NO;
				GCC_C_LANGUAGE_STANDARD = gnu99;
				GCC_DYNAMIC_NO_PIC = NO;
				GCC_OPTIMIZATION_LEVEL = 0;
				GCC_PREPROCESSOR_DEFINITIONS = (
					"DEBUG=1",
					"$(inherited)",
				);
				GCC_SYMBOLS_PRIVATE_EXTERN = NO;
				GCC_VERSION = com.apple.compilers.llvm.clang.1_0;
				GCC_WARN_ABOUT_MISSING_PROTOTYPES = YES;
				GCC_WARN_ABOUT_RETURN_TYPE = YES;
				GCC_WARN_UNUSED_VARIABLE = YES;
				IPHONEOS_DEPLOYMENT_TARGET = 5.0;
				SDKROOT = iphoneos;
				TARGETED_DEVICE_FAMILY = 2;
			};
			name = Debug;
		};
		87965F9D1509926A00CBC9A5 /* Release */ = {
			isa = XCBuildConfiguration;
			buildSettings = {
				ALWAYS_SEARCH_USER_PATHS = NO;
				ARCHS = "$(ARCHS_STANDARD_32_BIT)";
				CLANG_ENABLE_OBJC_ARC = YES;
				"CODE_SIGN_IDENTITY[sdk=iphoneos*]" = "iPhone Developer";
				COPY_PHASE_STRIP = YES;
				GCC_C_LANGUAGE_STANDARD = gnu99;
				GCC_VERSION = com.apple.compilers.llvm.clang.1_0;
				GCC_WARN_ABOUT_MISSING_PROTOTYPES = YES;
				GCC_WARN_ABOUT_RETURN_TYPE = YES;
				GCC_WARN_UNUSED_VARIABLE = YES;
				IPHONEOS_DEPLOYMENT_TARGET = 5.0;
				OTHER_CFLAGS = "-DNS_BLOCK_ASSERTIONS=1";
				SDKROOT = iphoneos;
				TARGETED_DEVICE_FAMILY = 2;
				VALIDATE_PRODUCT = YES;
			};
			name = Release;
		};
		87965F9F1509926A00CBC9A5 /* Debug */ = {
			isa = XCBuildConfiguration;
			buildSettings = {
				GCC_PRECOMPILE_PREFIX_HEADER = YES;
				GCC_PREFIX_HEADER = "TwoPaneViewController/TwoPaneViewController-Prefix.pch";
				INFOPLIST_FILE = "TwoPaneViewController/TwoPaneViewController-Info.plist";
				PRODUCT_NAME = "$(TARGET_NAME)";
				WRAPPER_EXTENSION = app;
			};
			name = Debug;
		};
		87965FA01509926A00CBC9A5 /* Release */ = {
			isa = XCBuildConfiguration;
			buildSettings = {
				GCC_PRECOMPILE_PREFIX_HEADER = YES;
				GCC_PREFIX_HEADER = "TwoPaneViewController/TwoPaneViewController-Prefix.pch";
				INFOPLIST_FILE = "TwoPaneViewController/TwoPaneViewController-Info.plist";
				PRODUCT_NAME = "$(TARGET_NAME)";
				WRAPPER_EXTENSION = app;
			};
			name = Release;
		};
/* End XCBuildConfiguration section */

/* Begin XCConfigurationList section */
		87965F7A1509926900CBC9A5 /* Build configuration list for PBXProject "TwoPaneViewController" */ = {
			isa = XCConfigurationList;
			buildConfigurations = (
				87965F9C1509926A00CBC9A5 /* Debug */,
				87965F9D1509926A00CBC9A5 /* Release */,
			);
			defaultConfigurationIsVisible = 0;
			defaultConfigurationName = Release;
		};
		87965F9E1509926A00CBC9A5 /* Build configuration list for PBXNativeTarget "TwoPaneViewController" */ = {
			isa = XCConfigurationList;
			buildConfigurations = (
				87965F9F1509926A00CBC9A5 /* Debug */,
				87965FA01509926A00CBC9A5 /* Release */,
			);
			defaultConfigurationIsVisible = 0;
		};
/* End XCConfigurationList section */
	};
	rootObject = 87965F771509926900CBC9A5 /* Project object */;
}
